
Microsoft Visual Studio Solution File, Format Version 12.00
# Visual Studio Version 16
VisualStudioVersion = 16.0.30223.230
MinimumVisualStudioVersion = 15.0.26124.0
Project("{9A19103F-16F7-4668-BE54-9A1E7A4F7556}") = "DopplerCustomDomain", "DopplerCustomDomain\DopplerCustomDomain.csproj", "{779FDAE5-672D-43F5-9065-BC4009A2E078}"
EndProject
Project("{9A19103F-16F7-4668-BE54-9A1E7A4F7556}") = "DopplerCustomDomain.Test", "DopplerCustomDomain.Test\DopplerCustomDomain.Test.csproj", "{E947569E-C5EE-4FB2-9ECE-248F2C2F25E6}"
EndProject
Project("{2150E333-8FDC-42A3-9474-1A3956D46DE8}") = "Solution Items", "Solution Items", "{2E7C59EC-883F-49F5-BEAE-C711C88D0D28}"
	ProjectSection(SolutionItems) = preProject
		.dockerignore = .dockerignore
		.editorconfig = .editorconfig
		.gitattributes = .gitattributes
		.gitignore = .gitignore
		.prettierignore = .prettierignore
		build-local.sh = build-local.sh
		build-n-publish.sh = build-n-publish.sh
		demo.http = demo.http
		Dockerfile = Dockerfile
		global.json = global.json
		Jenkinsfile = Jenkinsfile
		package.json = package.json
		README.md = README.md
		verify-w-docker.sh = verify-w-docker.sh
	EndProjectSection
EndProject
Global
	GlobalSection(SolutionConfigurationPlatforms) = preSolution
		Debug|Any CPU = Debug|Any CPU
		Debug|x64 = Debug|x64
		Debug|x86 = Debug|x86
		Release|Any CPU = Release|Any CPU
		Release|x64 = Release|x64
		Release|x86 = Release|x86
	EndGlobalSection
	GlobalSection(ProjectConfigurationPlatforms) = postSolution
		{779FDAE5-672D-43F5-9065-BC4009A2E078}.Debug|Any CPU.ActiveCfg = Debug|Any CPU
		{779FDAE5-672D-43F5-9065-BC4009A2E078}.Debug|Any CPU.Build.0 = Debug|Any CPU
		{779FDAE5-672D-43F5-9065-BC4009A2E078}.Debug|x64.ActiveCfg = Debug|Any CPU
		{779FDAE5-672D-43F5-9065-BC4009A2E078}.Debug|x64.Build.0 = Debug|Any CPU
		{779FDAE5-672D-43F5-9065-BC4009A2E078}.Debug|x86.ActiveCfg = Debug|Any CPU
		{779FDAE5-672D-43F5-9065-BC4009A2E078}.Debug|x86.Build.0 = Debug|Any CPU
		{779FDAE5-672D-43F5-9065-BC4009A2E078}.Release|Any CPU.ActiveCfg = Release|Any CPU
		{779FDAE5-672D-43F5-9065-BC4009A2E078}.Release|Any CPU.Build.0 = Release|Any CPU
		{779FDAE5-672D-43F5-9065-BC4009A2E078}.Release|x64.ActiveCfg = Release|Any CPU
		{779FDAE5-672D-43F5-9065-BC4009A2E078}.Release|x64.Build.0 = Release|Any CPU
		{779FDAE5-672D-43F5-9065-BC4009A2E078}.Release|x86.ActiveCfg = Release|Any CPU
		{779FDAE5-672D-43F5-9065-BC4009A2E078}.Release|x86.Build.0 = Release|Any CPU
		{E947569E-C5EE-4FB2-9ECE-248F2C2F25E6}.Debug|Any CPU.ActiveCfg = Debug|Any CPU
		{E947569E-C5EE-4FB2-9ECE-248F2C2F25E6}.Debug|Any CPU.Build.0 = Debug|Any CPU
		{E947569E-C5EE-4FB2-9ECE-248F2C2F25E6}.Debug|x64.ActiveCfg = Debug|Any CPU
		{E947569E-C5EE-4FB2-9ECE-248F2C2F25E6}.Debug|x64.Build.0 = Debug|Any CPU
		{E947569E-C5EE-4FB2-9ECE-248F2C2F25E6}.Debug|x86.ActiveCfg = Debug|Any CPU
		{E947569E-C5EE-4FB2-9ECE-248F2C2F25E6}.Debug|x86.Build.0 = Debug|Any CPU
		{E947569E-C5EE-4FB2-9ECE-248F2C2F25E6}.Release|Any CPU.ActiveCfg = Release|Any CPU
		{E947569E-C5EE-4FB2-9ECE-248F2C2F25E6}.Release|Any CPU.Build.0 = Release|Any CPU
		{E947569E-C5EE-4FB2-9ECE-248F2C2F25E6}.Release|x64.ActiveCfg = Release|Any CPU
		{E947569E-C5EE-4FB2-9ECE-248F2C2F25E6}.Release|x64.Build.0 = Release|Any CPU
		{E947569E-C5EE-4FB2-9ECE-248F2C2F25E6}.Release|x86.ActiveCfg = Release|Any CPU
		{E947569E-C5EE-4FB2-9ECE-248F2C2F25E6}.Release|x86.Build.0 = Release|Any CPU
	EndGlobalSection
	GlobalSection(SolutionProperties) = preSolution
		HideSolutionNode = FALSE
	EndGlobalSection
	GlobalSection(ExtensibilityGlobals) = postSolution
		SolutionGuid = {4030EDC2-A09C-4502-B544-D82D7347FF01}
	EndGlobalSection
EndGlobal
